// !$*UTF8*$!
{
	archiveVersion = 1;
	classes = {
	};
	objectVersion = 50;
	objects = {

/* Begin PBXBuildFile section */
		02BE19862517B27600E696E7 /* SafeSwift.framework in Frameworks */ = {isa = PBXBuildFile; fileRef = 02BE197C2517B27500E696E7 /* SafeSwift.framework */; };
		02BE198B2517B27600E696E7 /* SafeSwiftTests.swift in Sources */ = {isa = PBXBuildFile; fileRef = 02BE198A2517B27600E696E7 /* SafeSwiftTests.swift */; };
		02BE198D2517B27600E696E7 /* SafeSwift.h in Headers */ = {isa = PBXBuildFile; fileRef = 02BE197F2517B27500E696E7 /* SafeSwift.h */; settings = {ATTRIBUTES = (Public, ); }; };
		02BE199F2517B2B400E696E7 /* Collection+Extension.swift in Sources */ = {isa = PBXBuildFile; fileRef = 02BE199A2517B2B400E696E7 /* Collection+Extension.swift */; };
		02BE19A02517B2B400E696E7 /* String+Extension.swift in Sources */ = {isa = PBXBuildFile; fileRef = 02BE199B2517B2B400E696E7 /* String+Extension.swift */; };
		02BE19A12517B2B400E696E7 /* UICollectionView+Extension.swift in Sources */ = {isa = PBXBuildFile; fileRef = 02BE199C2517B2B400E696E7 /* UICollectionView+Extension.swift */; };
		02BE19A22517B2B400E696E7 /* UITableView+Extension.swift in Sources */ = {isa = PBXBuildFile; fileRef = 02BE199D2517B2B400E696E7 /* UITableView+Extension.swift */; };
		02BE19A32517B2B400E696E7 /* Array+Extension.swift in Sources */ = {isa = PBXBuildFile; fileRef = 02BE199E2517B2B400E696E7 /* Array+Extension.swift */; };
/* End PBXBuildFile section */

/* Begin PBXContainerItemProxy section */
		02BE19872517B27600E696E7 /* PBXContainerItemProxy */ = {
			isa = PBXContainerItemProxy;
			containerPortal = 02BE19732517B27500E696E7 /* Project object */;
			proxyType = 1;
			remoteGlobalIDString = 02BE197B2517B27500E696E7;
			remoteInfo = SafeSwift;
		};
/* End PBXContainerItemProxy section */

/* Begin PBXFileReference section */
		02BE197C2517B27500E696E7 /* SafeSwift.framework */ = {isa = PBXFileReference; explicitFileType = wrapper.framework; includeInIndex = 0; path = SafeSwift.framework; sourceTree = BUILT_PRODUCTS_DIR; };
		02BE197F2517B27500E696E7 /* SafeSwift.h */ = {isa = PBXFileReference; lastKnownFileType = sourcecode.c.h; path = SafeSwift.h; sourceTree = "<group>"; };
		02BE19802517B27500E696E7 /* Info.plist */ = {isa = PBXFileReference; lastKnownFileType = text.plist.xml; path = Info.plist; sourceTree = "<group>"; };
		02BE19852517B27600E696E7 /* SafeSwiftTests.xctest */ = {isa = PBXFileReference; explicitFileType = wrapper.cfbundle; includeInIndex = 0; path = SafeSwiftTests.xctest; sourceTree = BUILT_PRODUCTS_DIR; };
		02BE198A2517B27600E696E7 /* SafeSwiftTests.swift */ = {isa = PBXFileReference; lastKnownFileType = sourcecode.swift; path = SafeSwiftTests.swift; sourceTree = "<group>"; };
		02BE198C2517B27600E696E7 /* Info.plist */ = {isa = PBXFileReference; lastKnownFileType = text.plist.xml; path = Info.plist; sourceTree = "<group>"; };
		02BE199A2517B2B400E696E7 /* Collection+Extension.swift */ = {isa = PBXFileReference; fileEncoding = 4; lastKnownFileType = sourcecode.swift; path = "Collection+Extension.swift"; sourceTree = "<group>"; };
		02BE199B2517B2B400E696E7 /* String+Extension.swift */ = {isa = PBXFileReference; fileEncoding = 4; lastKnownFileType = sourcecode.swift; path = "String+Extension.swift"; sourceTree = "<group>"; };
		02BE199C2517B2B400E696E7 /* UICollectionView+Extension.swift */ = {isa = PBXFileReference; fileEncoding = 4; lastKnownFileType = sourcecode.swift; path = "UICollectionView+Extension.swift"; sourceTree = "<group>"; };
		02BE199D2517B2B400E696E7 /* UITableView+Extension.swift */ = {isa = PBXFileReference; fileEncoding = 4; lastKnownFileType = sourcecode.swift; path = "UITableView+Extension.swift"; sourceTree = "<group>"; };
		02BE199E2517B2B400E696E7 /* Array+Extension.swift */ = {isa = PBXFileReference; fileEncoding = 4; lastKnownFileType = sourcecode.swift; path = "Array+Extension.swift"; sourceTree = "<group>"; };
/* End PBXFileReference section */

/* Begin PBXFrameworksBuildPhase section */
		02BE19792517B27500E696E7 /* Frameworks */ = {
			isa = PBXFrameworksBuildPhase;
			buildActionMask = 2147483647;
			files = (
			);
			runOnlyForDeploymentPostprocessing = 0;
		};
		02BE19822517B27600E696E7 /* Frameworks */ = {
			isa = PBXFrameworksBuildPhase;
			buildActionMask = 2147483647;
			files = (
				02BE19862517B27600E696E7 /* SafeSwift.framework in Frameworks */,
			);
			runOnlyForDeploymentPostprocessing = 0;
		};
/* End PBXFrameworksBuildPhase section */

/* Begin PBXGroup section */
		02BE19722517B27500E696E7 = {
			isa = PBXGroup;
			children = (
				02BE197E2517B27500E696E7 /* Sources */,
				02BE19892517B27600E696E7 /* SafeSwiftTests */,
				02BE197D2517B27500E696E7 /* Products */,
			);
			sourceTree = "<group>";
		};
		02BE197D2517B27500E696E7 /* Products */ = {
			isa = PBXGroup;
			children = (
				02BE197C2517B27500E696E7 /* SafeSwift.framework */,
				02BE19852517B27600E696E7 /* SafeSwiftTests.xctest */,
			);
			name = Products;
			sourceTree = "<group>";
		};
		02BE197E2517B27500E696E7 /* Sources */ = {
			isa = PBXGroup;
			children = (
				02BE19802517B27500E696E7 /* Info.plist */,
				02BE19992517B2B400E696E7 /* SafeSwift */,
				02BE197F2517B27500E696E7 /* SafeSwift.h */,
			);
			path = Sources;
			sourceTree = "<group>";
		};
		02BE19892517B27600E696E7 /* SafeSwiftTests */ = {
			isa = PBXGroup;
			children = (
				02BE198A2517B27600E696E7 /* SafeSwiftTests.swift */,
				02BE198C2517B27600E696E7 /* Info.plist */,
			);
			path = SafeSwiftTests;
			sourceTree = "<group>";
		};
		02BE19992517B2B400E696E7 /* SafeSwift */ = {
			isa = PBXGroup;
			children = (
				02BE199A2517B2B400E696E7 /* Collection+Extension.swift */,
				02BE199B2517B2B400E696E7 /* String+Extension.swift */,
				02BE199C2517B2B400E696E7 /* UICollectionView+Extension.swift */,
				02BE199D2517B2B400E696E7 /* UITableView+Extension.swift */,
				02BE199E2517B2B400E696E7 /* Array+Extension.swift */,
			);
			path = SafeSwift;
			sourceTree = "<group>";
		};
/* End PBXGroup section */

/* Begin PBXHeadersBuildPhase section */
		02BE19772517B27500E696E7 /* Headers */ = {
			isa = PBXHeadersBuildPhase;
			buildActionMask = 2147483647;
			files = (
				02BE198D2517B27600E696E7 /* SafeSwift.h in Headers */,
			);
			runOnlyForDeploymentPostprocessing = 0;
		};
/* End PBXHeadersBuildPhase section */

/* Begin PBXNativeTarget section */
		02BE197B2517B27500E696E7 /* SafeSwift */ = {
			isa = PBXNativeTarget;
			buildConfigurationList = 02BE19902517B27600E696E7 /* Build configuration list for PBXNativeTarget "SafeSwift" */;
			buildPhases = (
				02BE19772517B27500E696E7 /* Headers */,
				02BE19782517B27500E696E7 /* Sources */,
				02BE19792517B27500E696E7 /* Frameworks */,
				02BE197A2517B27500E696E7 /* Resources */,
			);
			buildRules = (
			);
			dependencies = (
			);
			name = SafeSwift;
			productName = SafeSwift;
			productReference = 02BE197C2517B27500E696E7 /* SafeSwift.framework */;
			productType = "com.apple.product-type.framework";
		};
		02BE19842517B27600E696E7 /* SafeSwiftTests */ = {
			isa = PBXNativeTarget;
			buildConfigurationList = 02BE19932517B27600E696E7 /* Build configuration list for PBXNativeTarget "SafeSwiftTests" */;
			buildPhases = (
				02BE19812517B27600E696E7 /* Sources */,
				02BE19822517B27600E696E7 /* Frameworks */,
				02BE19832517B27600E696E7 /* Resources */,
			);
			buildRules = (
			);
			dependencies = (
				02BE19882517B27600E696E7 /* PBXTargetDependency */,
			);
			name = SafeSwiftTests;
			productName = SafeSwiftTests;
			productReference = 02BE19852517B27600E696E7 /* SafeSwiftTests.xctest */;
			productType = "com.apple.product-type.bundle.unit-test";
		};
/* End PBXNativeTarget section */

/* Begin PBXProject section */
		02BE19732517B27500E696E7 /* Project object */ = {
			isa = PBXProject;
			attributes = {
				LastSwiftUpdateCheck = 1200;
				LastUpgradeCheck = 1200;
				TargetAttributes = {
					02BE197B2517B27500E696E7 = {
						CreatedOnToolsVersion = 12.0;
					};
					02BE19842517B27600E696E7 = {
						CreatedOnToolsVersion = 12.0;
					};
				};
			};
			buildConfigurationList = 02BE19762517B27500E696E7 /* Build configuration list for PBXProject "SafeSwift" */;
			compatibilityVersion = "Xcode 9.3";
			developmentRegion = en;
			hasScannedForEncodings = 0;
			knownRegions = (
				en,
				Base,
			);
			mainGroup = 02BE19722517B27500E696E7;
			productRefGroup = 02BE197D2517B27500E696E7 /* Products */;
			projectDirPath = "";
			projectRoot = "";
			targets = (
				02BE197B2517B27500E696E7 /* SafeSwift */,
				02BE19842517B27600E696E7 /* SafeSwiftTests */,
			);
		};
/* End PBXProject section */

/* Begin PBXResourcesBuildPhase section */
		02BE197A2517B27500E696E7 /* Resources */ = {
			isa = PBXResourcesBuildPhase;
			buildActionMask = 2147483647;
			files = (
			);
			runOnlyForDeploymentPostprocessing = 0;
		};
		02BE19832517B27600E696E7 /* Resources */ = {
			isa = PBXResourcesBuildPhase;
			buildActionMask = 2147483647;
			files = (
			);
			runOnlyForDeploymentPostprocessing = 0;
		};
/* End PBXResourcesBuildPhase section */

/* Begin PBXSourcesBuildPhase section */
		02BE19782517B27500E696E7 /* Sources */ = {
			isa = PBXSourcesBuildPhase;
			buildActionMask = 2147483647;
			files = (
				02BE19A12517B2B400E696E7 /* UICollectionView+Extension.swift in Sources */,
				02BE19A32517B2B400E696E7 /* Array+Extension.swift in Sources */,
				02BE19A02517B2B400E696E7 /* String+Extension.swift in Sources */,
				02BE199F2517B2B400E696E7 /* Collection+Extension.swift in Sources */,
				02BE19A22517B2B400E696E7 /* UITableView+Extension.swift in Sources */,
			);
			runOnlyForDeploymentPostprocessing = 0;
		};
		02BE19812517B27600E696E7 /* Sources */ = {
			isa = PBXSourcesBuildPhase;
			buildActionMask = 2147483647;
			files = (
				02BE198B2517B27600E696E7 /* SafeSwiftTests.swift in Sources */,
			);
			runOnlyForDeploymentPostprocessing = 0;
		};
/* End PBXSourcesBuildPhase section */

/* Begin PBXTargetDependency section */
		02BE19882517B27600E696E7 /* PBXTargetDependency */ = {
			isa = PBXTargetDependency;
			target = 02BE197B2517B27500E696E7 /* SafeSwift */;
			targetProxy = 02BE19872517B27600E696E7 /* PBXContainerItemProxy */;
		};
/* End PBXTargetDependency section */

/* Begin XCBuildConfiguration section */
		02BE198E2517B27600E696E7 /* Debug */ = {
			isa = XCBuildConfiguration;
			buildSettings = {
				ALWAYS_SEARCH_USER_PATHS = NO;
				CLANG_ANALYZER_NONNULL = YES;
				CLANG_ANALYZER_NUMBER_OBJECT_CONVERSION = YES_AGGRESSIVE;
				CLANG_CXX_LANGUAGE_STANDARD = "gnu++14";
				CLANG_CXX_LIBRARY = "libc++";
				CLANG_ENABLE_MODULES = YES;
				CLANG_ENABLE_OBJC_ARC = YES;
				CLANG_ENABLE_OBJC_WEAK = YES;
				CLANG_WARN_BLOCK_CAPTURE_AUTORELEASING = YES;
				CLANG_WARN_BOOL_CONVERSION = YES;
				CLANG_WARN_COMMA = YES;
				CLANG_WARN_CONSTANT_CONVERSION = YES;
				CLANG_WARN_DEPRECATED_OBJC_IMPLEMENTATIONS = YES;
				CLANG_WARN_DIRECT_OBJC_ISA_USAGE = YES_ERROR;
				CLANG_WARN_DOCUMENTATION_COMMENTS = YES;
				CLANG_WARN_EMPTY_BODY = YES;
				CLANG_WARN_ENUM_CONVERSION = YES;
				CLANG_WARN_INFINITE_RECURSION = YES;
				CLANG_WARN_INT_CONVERSION = YES;
				CLANG_WARN_NON_LITERAL_NULL_CONVERSION = YES;
				CLANG_WARN_OBJC_IMPLICIT_RETAIN_SELF = YES;
				CLANG_WARN_OBJC_LITERAL_CONVERSION = YES;
				CLANG_WARN_OBJC_ROOT_CLASS = YES_ERROR;
				CLANG_WARN_QUOTED_INCLUDE_IN_FRAMEWORK_HEADER = YES;
				CLANG_WARN_RANGE_LOOP_ANALYSIS = YES;
				CLANG_WARN_STRICT_PROTOTYPES = YES;
				CLANG_WARN_SUSPICIOUS_MOVE = YES;
				CLANG_WARN_UNGUARDED_AVAILABILITY = YES_AGGRESSIVE;
				CLANG_WARN_UNREACHABLE_CODE = YES;
				CLANG_WARN__DUPLICATE_METHOD_MATCH = YES;
				COPY_PHASE_STRIP = NO;
				CURRENT_PROJECT_VERSION = 1;
				DEBUG_INFORMATION_FORMAT = dwarf;
				ENABLE_STRICT_OBJC_MSGSEND = YES;
				ENABLE_TESTABILITY = YES;
				GCC_C_LANGUAGE_STANDARD = gnu11;
				GCC_DYNAMIC_NO_PIC = NO;
				GCC_NO_COMMON_BLOCKS = YES;
				GCC_OPTIMIZATION_LEVEL = 0;
				GCC_PREPROCESSOR_DEFINITIONS = (
					"DEBUG=1",
					"$(inherited)",
				);
				GCC_WARN_64_TO_32_BIT_CONVERSION = YES;
				GCC_WARN_ABOUT_RETURN_TYPE = YES_ERROR;
				GCC_WARN_UNDECLARED_SELECTOR = YES;
				GCC_WARN_UNINITIALIZED_AUTOS = YES_AGGRESSIVE;
				GCC_WARN_UNUSED_FUNCTION = YES;
				GCC_WARN_UNUSED_VARIABLE = YES;
				IPHONEOS_DEPLOYMENT_TARGET = 10.0;
				MTL_ENABLE_DEBUG_INFO = INCLUDE_SOURCE;
				MTL_FAST_MATH = YES;
				ONLY_ACTIVE_ARCH = YES;
				SDKROOT = iphoneos;
				SWIFT_ACTIVE_COMPILATION_CONDITIONS = DEBUG;
				SWIFT_OPTIMIZATION_LEVEL = "-Onone";
				VERSIONING_SYSTEM = "apple-generic";
				VERSION_INFO_PREFIX = "";
			};
			name = Debug;
		};
		02BE198F2517B27600E696E7 /* Release */ = {
			isa = XCBuildConfiguration;
			buildSettings = {
				ALWAYS_SEARCH_USER_PATHS = NO;
				CLANG_ANALYZER_NONNULL = YES;
				CLANG_ANALYZER_NUMBER_OBJECT_CONVERSION = YES_AGGRESSIVE;
				CLANG_CXX_LANGUAGE_STANDARD = "gnu++14";
				CLANG_CXX_LIBRARY = "libc++";
				CLANG_ENABLE_MODULES = YES;
				CLANG_ENABLE_OBJC_ARC = YES;
				CLANG_ENABLE_OBJC_WEAK = YES;
				CLANG_WARN_BLOCK_CAPTURE_AUTORELEASING = YES;
				CLANG_WARN_BOOL_CONVERSION = YES;
				CLANG_WARN_COMMA = YES;
				CLANG_WARN_CONSTANT_CONVERSION = YES;
				CLANG_WARN_DEPRECATED_OBJC_IMPLEMENTATIONS = YES;
				CLANG_WARN_DIRECT_OBJC_ISA_USAGE = YES_ERROR;
				CLANG_WARN_DOCUMENTATION_COMMENTS = YES;
				CLANG_WARN_EMPTY_BODY = YES;
				CLANG_WARN_ENUM_CONVERSION = YES;
				CLANG_WARN_INFINITE_RECURSION = YES;
				CLANG_WARN_INT_CONVERSION = YES;
				CLANG_WARN_NON_LITERAL_NULL_CONVERSION = YES;
				CLANG_WARN_OBJC_IMPLICIT_RETAIN_SELF = YES;
				CLANG_WARN_OBJC_LITERAL_CONVERSION = YES;
				CLANG_WARN_OBJC_ROOT_CLASS = YES_ERROR;
				CLANG_WARN_QUOTED_INCLUDE_IN_FRAMEWORK_HEADER = YES;
				CLANG_WARN_RANGE_LOOP_ANALYSIS = YES;
				CLANG_WARN_STRICT_PROTOTYPES = YES;
				CLANG_WARN_SUSPICIOUS_MOVE = YES;
				CLANG_WARN_UNGUARDED_AVAILABILITY = YES_AGGRESSIVE;
				CLANG_WARN_UNREACHABLE_CODE = YES;
				CLANG_WARN__DUPLICATE_METHOD_MATCH = YES;
				COPY_PHASE_STRIP = NO;
				CURRENT_PROJECT_VERSION = 1;
				DEBUG_INFORMATION_FORMAT = "dwarf-with-dsym";
				ENABLE_NS_ASSERTIONS = NO;
				ENABLE_STRICT_OBJC_MSGSEND = YES;
				GCC_C_LANGUAGE_STANDARD = gnu11;
				GCC_NO_COMMON_BLOCKS = YES;
				GCC_WARN_64_TO_32_BIT_CONVERSION = YES;
				GCC_WARN_ABOUT_RETURN_TYPE = YES_ERROR;
				GCC_WARN_UNDECLARED_SELECTOR = YES;
				GCC_WARN_UNINITIALIZED_AUTOS = YES_AGGRESSIVE;
				GCC_WARN_UNUSED_FUNCTION = YES;
				GCC_WARN_UNUSED_VARIABLE = YES;
				IPHONEOS_DEPLOYMENT_TARGET = 10.0;
				MTL_ENABLE_DEBUG_INFO = NO;
				MTL_FAST_MATH = YES;
				SDKROOT = iphoneos;
				SWIFT_COMPILATION_MODE = wholemodule;
				SWIFT_OPTIMIZATION_LEVEL = "-O";
				VALIDATE_PRODUCT = YES;
				VERSIONING_SYSTEM = "apple-generic";
				VERSION_INFO_PREFIX = "";
			};
			name = Release;
		};
		02BE19912517B27600E696E7 /* Debug */ = {
			isa = XCBuildConfiguration;
			buildSettings = {
				CODE_SIGN_STYLE = Automatic;
				DEFINES_MODULE = YES;
				DYLIB_COMPATIBILITY_VERSION = 1;
				DYLIB_CURRENT_VERSION = 1;
				DYLIB_INSTALL_NAME_BASE = "@rpath";
				INFOPLIST_FILE = "$(SRCROOT)/Sources/Info.plist";
				INSTALL_PATH = "$(LOCAL_LIBRARY_DIR)/Frameworks";
				LD_RUNPATH_SEARCH_PATHS = (
					"$(inherited)",
					"@executable_path/Frameworks",
					"@loader_path/Frameworks",
				);
				PRODUCT_BUNDLE_IDENTIFIER = cn.citynight.SafeSwift;
				PRODUCT_NAME = "$(TARGET_NAME:c99extidentifier)";
				SKIP_INSTALL = YES;
				SWIFT_VERSION = 5.0;
				TARGETED_DEVICE_FAMILY = "1,2";
			};
			name = Debug;
		};
		02BE19922517B27600E696E7 /* Release */ = {
			isa = XCBuildConfiguration;
			buildSettings = {
				CODE_SIGN_STYLE = Automatic;
				DEFINES_MODULE = YES;
				DYLIB_COMPATIBILITY_VERSION = 1;
				DYLIB_CURRENT_VERSION = 1;
				DYLIB_INSTALL_NAME_BASE = "@rpath";
				INFOPLIST_FILE = "$(SRCROOT)/Sources/Info.plist";
				INSTALL_PATH = "$(LOCAL_LIBRARY_DIR)/Frameworks";
				LD_RUNPATH_SEARCH_PATHS = (
					"$(inherited)",
					"@executable_path/Frameworks",
					"@loader_path/Frameworks",
				);
				PRODUCT_BUNDLE_IDENTIFIER = cn.citynight.SafeSwift;
				PRODUCT_NAME = "$(TARGET_NAME:c99extidentifier)";
				SKIP_INSTALL = YES;
				SWIFT_VERSION = 5.0;
				TARGETED_DEVICE_FAMILY = "1,2";
			};
			name = Release;
		};
		02BE19942517B27600E696E7 /* Debug */ = {
			isa = XCBuildConfiguration;
			buildSettings = {
				ALWAYS_EMBED_SWIFT_STANDARD_LIBRARIES = YES;
				CODE_SIGN_STYLE = Automatic;
				INFOPLIST_FILE = SafeSwiftTests/Info.plist;
				LD_RUNPATH_SEARCH_PATHS = (
					"$(inherited)",
					"@executable_path/Frameworks",
					"@loader_path/Frameworks",
				);
				PRODUCT_BUNDLE_IDENTIFIER = cn.citynight.SafeSwiftTests;
				PRODUCT_NAME = "$(TARGET_NAME)";
				SWIFT_VERSION = 5.0;
				TARGETED_DEVICE_FAMILY = "1,2";
			};
			name = Debug;
		};
		02BE19952517B27600E696E7 /* Release */ = {
			isa = XCBuildConfiguration;
			buildSettings = {
				ALWAYS_EMBED_SWIFT_STANDARD_LIBRARIES = YES;
				CODE_SIGN_STYLE = Automatic;
				INFOPLIST_FILE = SafeSwiftTests/Info.plist;
				LD_RUNPATH_SEARCH_PATHS = (
					"$(inherited)",
					"@executable_path/Frameworks",
					"@loader_path/Frameworks",
				);
				PRODUCT_BUNDLE_IDENTIFIER = cn.citynight.SafeSwiftTests;
				PRODUCT_NAME = "$(TARGET_NAME)";
				SWIFT_VERSION = 5.0;
				TARGETED_DEVICE_FAMILY = "1,2";
			};
			name = Release;
		};
/* End XCBuildConfiguration section */

/* Begin XCConfigurationList section */
		02BE19762517B27500E696E7 /* Build configuration list for PBXProject "SafeSwift" */ = {
			isa = XCConfigurationList;
			buildConfigurations = (
				02BE198E2517B27600E696E7 /* Debug */,
				02BE198F2517B27600E696E7 /* Release */,
			);
			defaultConfigurationIsVisible = 0;
			defaultConfigurationName = Release;
		};
		02BE19902517B27600E696E7 /* Build configuration list for PBXNativeTarget "SafeSwift" */ = {
			isa = XCConfigurationList;
			buildConfigurations = (
				02BE19912517B27600E696E7 /* Debug */,
				02BE19922517B27600E696E7 /* Release */,
			);
			defaultConfigurationIsVisible = 0;
			defaultConfigurationName = Release;
		};
		02BE19932517B27600E696E7 /* Build configuration list for PBXNativeTarget "SafeSwiftTests" */ = {
			isa = XCConfigurationList;
			buildConfigurations = (
				02BE19942517B27600E696E7 /* Debug */,
				02BE19952517B27600E696E7 /* Release */,
			);
			defaultConfigurationIsVisible = 0;
			defaultConfigurationName = Release;
		};
/* End XCConfigurationList section */
	};
	rootObject = 02BE19732517B27500E696E7 /* Project object */;
}
